Microsoft Visual Studio Solution File, Format Version 12.00
# Visual Studio Version 17
VisualStudioVersion = 17.5.2.0
MinimumVisualStudioVersion = 10.0.40219.1
Project("{FAE04EC0-301F-11D3-BF4B-00C04F79EFBC}") = "UserManager.API", "UserManager.API.csproj", "{53AF5107-1A38-3DFC-EB9E-B7F2D9C5FA2E}"
EndProject
Global
	GlobalSection(SolutionConfigurationPlatforms) = preSolution
		Debug|Any CPU = Debug|Any CPU
		Release|Any CPU = Release|Any CPU
	EndGlobalSection
	GlobalSection(ProjectConfigurationPlatforms) = postSolution
		{53AF5107-1A38-3DFC-EB9E-B7F2D9C5FA2E}.Debug|Any CPU.ActiveCfg = Debug|Any CPU
		{53AF5107-1A38-3DFC-EB9E-B7F2D9C5FA2E}.Debug|Any CPU.Build.0 = Debug|Any CPU
		{53AF5107-1A38-3DFC-EB9E-B7F2D9C5FA2E}.Release|Any CPU.ActiveCfg = Release|Any CPU
		{53AF5107-1A38-3DFC-EB9E-B7F2D9C5FA2E}.Release|Any CPU.Build.0 = Release|Any CPU
	EndGlobalSection
	GlobalSection(SolutionProperties) = preSolution
		HideSolutionNode = FALSE
	EndGlobalSection
	GlobalSection(ExtensibilityGlobals) = postSolution
		SolutionGuid = {87DD444A-CD8F-41E3-BFC4-14E67E3E478B}
	EndGlobalSection
EndGlobal
